[[package]]
name = "array2gif"
version = "1.0.0"
description = "Write a (list of) NumPy array(s) to an (animated) GIF."
category = "main"
optional = false
python-versions = "*"
platform = "*"

[package.dependencies]
numpy = "*"
[[package]]
name = "atomicwrites"
version = "1.1.5"
description = "Atomic file writes."
category = "dev"
optional = false
python-versions = "*"
platform = "UNKNOWN"

[[package]]
name = "attrs"
version = "18.1.0"
description = "Classes Without Boilerplate"
category = "dev"
optional = false
python-versions = "*"
platform = "*"

[[package]]
name = "colorama"
version = "0.3.9"
description = "Cross-platform colored terminal text."
category = "dev"
optional = false
python-versions = "*"
platform = "UNKNOWN"

[package.requirements]
platform = "win32"
[[package]]
name = "more-itertools"
version = "4.2.0"
description = "More routines for operating on iterables, beyond itertools"
category = "dev"
optional = false
python-versions = "*"
platform = "*"

[package.dependencies]
six = ">=1.0.0,<2.0.0"
[[package]]
name = "numpngw"
version = "0.0.6"
description = "Write numpy array(s) to a PNG or animated PNG file."
category = "main"
optional = false
python-versions = "*"
platform = "UNKNOWN"

[package.dependencies]
numpy = ">=1.6.0"
[[package]]
name = "numpy"
version = "1.14.3"
description = "NumPy: array processing for numbers, strings, records, and objects."
category = "main"
optional = false
python-versions = ">=2.7,!=3.0.*,!=3.1.*,!=3.2.*,!=3.3.*"
platform = "Windows"

[[package]]
name = "pillow"
version = "5.0.0"
description = "Python Imaging Library (Fork)"
category = "main"
optional = false
python-versions = ">=2.7, !=3.0.*, !=3.1.*, !=3.2.*, !=3.3.*"
platform = "*"

[[package]]
name = "pluggy"
version = "0.6.0"
description = "plugin and hook calling mechanisms for python"
category = "dev"
optional = false
python-versions = ">=2.7, !=3.0.*, !=3.1.*, !=3.2.*, !=3.3.*"
platform = "unix"

[[package]]
name = "py"
version = "1.5.3"
description = "library with cross-python path, ini-parsing, io, code, log facilities"
category = "dev"
optional = false
python-versions = ">=2.7, !=3.0.*, !=3.1.*, !=3.2.*, !=3.3.*"
platform = "unix"

[[package]]
name = "pytest"
version = "3.6.0"
description = "pytest: simple powerful testing with Python"
category = "dev"
optional = false
python-versions = ">=2.7, !=3.0.*, !=3.1.*, !=3.2.*, !=3.3.*"
platform = "unix"

[package.dependencies]
colorama = "*"
funcsigs = "*"
pluggy = ">=0.5,<0.7"
atomicwrites = ">=1.0"
more-itertools = ">=4.0.0"
attrs = ">=17.4.0"
setuptools = "*"
six = ">=1.10.0"
py = ">=1.5.0"
[[package]]
name = "six"
version = "1.11.0"
description = "Python 2 and 3 compatibility utilities"
category = "dev"
optional = false
python-versions = "*"
platform = "*"

[metadata]
python-versions = "^3.6"
platform = "*"
content-hash = "0bb9d72e2c09db4930852cd4bd5cbff29c81c3c0d1742c494d6f07000cfc0965"

[metadata.hashes]
array2gif = [ "ac38667185fd0f56beca75ce295a83431f5446a6987f1a40f49fbacb12a5653b", "840a5bc0d35c3431c90787a59bdcee2f302f69f9df69994b75c106cd679f27cf", "4c261cf0b958d9fd122180767716337842eee73494297f359dff822904da643d",]
atomicwrites = [ "a24da68318b08ac9c9c45029f4a10371ab5b20e4226738e150e6e7c571630ae6", "240831ea22da9ab882b551b31d4225591e5e447a68c5e188db5b89ca1d487585",]
attrs = [ "4b90b09eeeb9b88c35bc642cbac057e45a5fd85367b985bd2809c62b7b939265", "e0d0eb91441a3b53dab4d9b743eafc1ac44476296a2053b6ca3af0b139faf87b",]
colorama = [ "463f8483208e921368c9f306094eb6f725c6ca42b0f97e313cb5d5512459feda", "48eb22f4f8461b1df5734a074b57042430fb06e1d61bd1e11b078c0fe6d7a1f1",]
more-itertools = [ "a18d870ef2ffca2b8463c0070ad17b5978056f403fb64e3f15fe62a52db21cc0", "6703844a52d3588f951883005efcf555e49566a48afd4db4e965d69b883980d3", "2b6b9893337bfd9166bee6a62c2b0c9fe7735dcf85948b387ec8cba30e85d8e8",]
numpngw = [ "89d18f0ab461838b781edf4e3c0f209678ba83669f0e65eb264e4c14abd1f779", "847797d51d899edaa1b81af5025661a6d14347373d931effcc8e3cefa1e7c4b2",]
numpy = [ "a8dbab311d4259de5eeaa5b4e83f5f8545e4808f9144e84c0f424a6ee55a7b98", "034717bfef517858abc79324820a702dc6cd063effb9baab86533e8a78670689", "f39afab5769b3aaa786634b94b4a23ef3c150bdda044e8a32a3fc16ddafe803b", "8670067685051b49d1f2f66e396488064299fefca199c7c80b6ba0c639fedc98", "0db6301324d0568089663ef2701ad90ebac0e975742c97460e89366692bd0563", "98ff275f1b5907490d26b30b6ff111ecf2de0254f0ab08833d8fe61aa2068a00", "aaef1bea636b6e552bbc5dae0ada87d4f6046359daaa97a05a013b0169620f27", "760550fdf9d8ec7da9c4402a4afe6e25c0f184ae132011676298a6b636660b45", "e8578a62a8eaf552b95d62f630bb5dd071243ba1302bbff3e55ac48588508736", "e33baf50f2f6b7153ddb973601a11df852697fba4c08b34a5e0f39f66f8120e1", "0074d42e2cc333800bd09996223d40ec52e3b1ec0a5cab05dacc09b662c4c1ae", "c3fe23df6fe0898e788581753da453f877350058c5982e85a8972feeecb15309", "1864d005b2eb7598063e35c320787d87730d864f40d6410f768fe4ea20672016", "f22b3206f1c561dd9110b93d144c6aaa4a9a354e3b07ad36030df3ea92c5bb5b", "c80fcf9b38c7f4df666150069b04abbd2fe42ae640703a6e1f128cda83b552b7", "510863d606c932b41d2209e4de6157ab3fdf52001d3e4ad351103176d33c4b8b", "c5eb7254cfc4bd7a4330ad7e1f65b98343836865338c57b0e25c661e41d5cfd9", "b8987e30d9a0eb6635df9705a75cf8c4a2835590244baecf210163343bc65176", "57dc6c22d59054542600fce6fae2d1189b9c50bafc1aab32e55f7efcc84a6c46", "46ce8323ca9384814c7645298b8b627b7d04ce97d6948ef02da357b2389d6972", "9ccf4d5c9139b1e985db915039baa0610a7e4a45090580065f8d8cb801b7422f", "560e23a12e7599be8e8b67621396c5bc687fd54b48b890adbc71bc5a67333f86", "9016692c7d390f9d378fc88b7a799dc9caa7eb938163dda5276d3f3d6f75debf",]
pillow = [ "718ec7a122b28d64afc5fbc3a9b99bb0545ef511373cac06fe7624520e82cb20", "801cca8923508311bf5d6d0f7da5362552e8208ebd8ec0d7b9f2cd2ff5705734", "43334f9581cd067945b8898cef9eb5714ee4883f8de0304c011f1dbdb1d4e2aa", "153ec6f18f7b61641e0e6e502acfaf4a06c9aba2ea11c0b4b3578ea9f13a4a4a", "25193f934d37d836a6b1f4c062ce574a96cbca7c6d9dc8ddfbbac7f9c54deaa4", "b85f703c2ffe539313e39ce0676bed0f355cec45a16e58c9ab7417445843047c", "8580fc58074a16b749905b26cf8363f7b628dd167ba0130f5382cdc91c86b509", "2fcde9954c8882d1c7f93bb828caa34a4c5e3ee69dbc7895dc8652ad972b455a", "1a5b93084e01328a1cb1ecdad99d11d75e881e89a95f88d85b523646553b36c2", "b2240f298482f823576f397bb9f32ea913ad9456c526e141bc6f0a022b37a3e8", "b1d33c63a55d0d85df0ad02b2c16158fb4d8153afa7b908f1a67330fac694cd6", "6977cf073d83358b34f93abf5c1f1193b88675fe0e4441e0e28318bc3dcba7a0", "1912b7230459fd53682dae32b83cbd8e5d642ba36d4be18566f00a9c063aa13d", "4bd4a71501b6d51db4abc07e1f43f5a6fed0a1a9583cca0b401d6af50284b0db", "0013f590a8f260df60bcfd65db19d18efc04e7f046c3c82a40e2e2b3292a937c", "a224651a81e45ef4f1d0164e256c5f6b4abb49f2ae8f22ba2f3a9d0ff338e608", "c793dfaa130847ccff958492b76ae8b9304e60b8a79a92962cb19e368276a22b", "0b899ee80920bb533f26581af9b4660bc12aff4562555afe74e429101ebf3c94", "9525cd680a6f9e80c6c0af03cf973e6505c59f60b4745f682cd1a449e54b31bb", "35f7d998b8e82fb3fb51ff88b30485eb81cd7dd56ec7e1a8deba23eb88532d44", "5b0d657460d9f3615876fec6306e97ca15a471f6169b622d76a47e270998acf1", "ddd16ab250b4fc97db1c47407e78c25216a75c29d29d10ad37e51b7a2ec7b2c3", "b9f63451084a718eccdeb1e382768c94647915653af4d6019f64560d9e98642b", "a370d1c570f1d72e877099651e752332444b1c5009381f043c9da5fd47f3ebae", "dc4b018d5c9b636f7546583c5591b9ea00c328c3e5871992ef5b95bac353f097", "e126ff4fed71e78333840c07279e1617f63cfca76d63ad5b27d65a7277206a3d", "fcf64c91fd44485100a2965d23bb0e227d093e91f7e776c5ca3b32574766eb56", "2c042352b430d678db50c78c5214e19638eff8b688941271da2de21fd298dfe5", "17fe25efc785194d48c38fad85dce470013ba19d2fb66639e149f14bccf1327f", "2e818dbe445e86fc6c266973fe540c35125c42eb2cf13a6095e9adaa89c0deb5", "135e9aa65150c53f7db85bf2bebb8a0e1a48ea850e80cf66e16dd04fa09d309c", "7dfbefdb3fb911ca9faed307bf309861e9995e36cca6b761c7ba6d9b77a9744a", "12f29d6c23424f704c66b5b68c02fe0b571504459605cfe36ab8158359b0e1bb", "f8d49be8c282df8d2e1ab6ab53ab8abd859b1fa6fed384457ee85c9eff64ef97", "82b172e3264e62372c01b5b009b5b1a02fbb9276cbe5cc57ab00a6d6e5ed9a18", "57aa6198ba8acba1313c3b743e267d821a60cac77e6026caf0b55ca58d3d23be", "d60c1625b108432ace8b1fa1a584017e5efa73f107d0f493c7f39c79bebf1d41", "82d1ff571489765df2816785d532e243bde213752156c227fca595723ec5ff42", "37cc0339abfa9e295c75d9a7f227d35cb44716feb95057f9449c4a9e9a17daf7", "931030d1d6282b7900e6b0a7ff9ecdb503b5e1e6781800dab2b71a9f39405bff", "5cd36804f9f06a914a883fe682df5711d16d7b4f44d43189c5f013e7cd91e149",]
pluggy = [ "d345c8fe681115900d6da8d048ba67c25df42973bda370783cd58826442dcd7c", "e160a7fcf25762bb60efc7e171d4497ff1d8d2d75a3d0df7a21b76821ecbf5c5", "7f8ae7f5bdf75671a718d2daf0a64b7885f74510bcd98b1a0bb420eb9a9d0cff",]
py = [ "983f77f3331356039fdd792e9220b7b8ee1aa6bd2b25f567a963ff1de5a64f6a", "29c9fab495d7528e80ba1e343b958684f4ace687327e6f789a94bf3d1915f881",]
pytest = [ "c76e93f3145a44812955e8d46cdd302d8a45fbfc7bf22be24fe231f9d8d8853a", "39555d023af3200d004d09e51b4dd9fdd828baa863cded3fd6ba2f29f757ae2d",]
six = [ "832dc0e10feb1aa2c68dcc57dbb658f1c7e65b9b61af69048abc87a2db00a0eb", "70e8a77beed4562e7f14fe23a786b54f6296e34344c23bc42f07b15018ff98e9",]
